// !$*UTF8*$!
{
	archiveVersion = 1;
	classes = {
	};
	objectVersion = 77;
	objects = {

/* Begin PBXBuildFile section */
		18CE8E652E55A6BA002DAC8B /* Preview Assets.xcassets in Resources */ = {isa = PBXBuildFile; fileRef = 18CE8E602E55A6BA002DAC8B /* Preview Assets.xcassets */; };
		18CE8E662E55A6BA002DAC8B /* Assets.xcassets in Resources */ = {isa = PBXBuildFile; fileRef = 18CE8E622E55A6BA002DAC8B /* Assets.xcassets */; };
		18CE8E672E55A6BA002DAC8B /* DetailsView.swift in Sources */ = {isa = PBXBuildFile; fileRef = 18CE8E502E55A6BA002DAC8B /* DetailsView.swift */; };
		18CE8E682E55A6BA002DAC8B /* ListingModel.swift in Sources */ = {isa = PBXBuildFile; fileRef = 18CE8E532E55A6BA002DAC8B /* ListingModel.swift */; };
		18CE8E692E55A6BA002DAC8B /* ListingView.swift in Sources */ = {isa = PBXBuildFile; fileRef = 18CE8E552E55A6BA002DAC8B /* ListingView.swift */; };
		18CE8E6A2E55A6BA002DAC8B /* ListingViewModel.swift in Sources */ = {isa = PBXBuildFile; fileRef = 18CE8E572E55A6BA002DAC8B /* ListingViewModel.swift */; };
		18CE8E6B2E55A6BA002DAC8B /* LoginView.swift in Sources */ = {isa = PBXBuildFile; fileRef = 18CE8E5A2E55A6BA002DAC8B /* LoginView.swift */; };
		18CE8E6C2E55A6BA002DAC8B /* LoginViewModel.swift in Sources */ = {isa = PBXBuildFile; fileRef = 18CE8E5C2E55A6BA002DAC8B /* LoginViewModel.swift */; };
		18CE8E722E55A744002DAC8B /* VernostTaskApp.swift in Sources */ = {isa = PBXBuildFile; fileRef = 18CE8E702E55A744002DAC8B /* VernostTaskApp.swift */; };
/* End PBXBuildFile section */

/* Begin PBXFileReference section */
		18CE8E252E54A393002DAC8B /* VernostTask.app */ = {isa = PBXFileReference; explicitFileType = wrapper.application; includeInIndex = 0; path = VernostTask.app; sourceTree = BUILT_PRODUCTS_DIR; };
		18CE8E502E55A6BA002DAC8B /* DetailsView.swift */ = {isa = PBXFileReference; lastKnownFileType = sourcecode.swift; path = DetailsView.swift; sourceTree = "<group>"; };
		18CE8E532E55A6BA002DAC8B /* ListingModel.swift */ = {isa = PBXFileReference; lastKnownFileType = sourcecode.swift; path = ListingModel.swift; sourceTree = "<group>"; };
		18CE8E552E55A6BA002DAC8B /* ListingView.swift */ = {isa = PBXFileReference; lastKnownFileType = sourcecode.swift; path = ListingView.swift; sourceTree = "<group>"; };
		18CE8E572E55A6BA002DAC8B /* ListingViewModel.swift */ = {isa = PBXFileReference; lastKnownFileType = sourcecode.swift; path = ListingViewModel.swift; sourceTree = "<group>"; };
		18CE8E5A2E55A6BA002DAC8B /* LoginView.swift */ = {isa = PBXFileReference; lastKnownFileType = sourcecode.swift; path = LoginView.swift; sourceTree = "<group>"; };
		18CE8E5C2E55A6BA002DAC8B /* LoginViewModel.swift */ = {isa = PBXFileReference; lastKnownFileType = sourcecode.swift; path = LoginViewModel.swift; sourceTree = "<group>"; };
		18CE8E602E55A6BA002DAC8B /* Preview Assets.xcassets */ = {isa = PBXFileReference; lastKnownFileType = folder.assetcatalog; path = "Preview Assets.xcassets"; sourceTree = "<group>"; };
		18CE8E622E55A6BA002DAC8B /* Assets.xcassets */ = {isa = PBXFileReference; lastKnownFileType = folder.assetcatalog; path = Assets.xcassets; sourceTree = "<group>"; };
		18CE8E702E55A744002DAC8B /* VernostTaskApp.swift */ = {isa = PBXFileReference; lastKnownFileType = sourcecode.swift; path = VernostTaskApp.swift; sourceTree = "<group>"; };
/* End PBXFileReference section */

/* Begin PBXFrameworksBuildPhase section */
		18CE8E222E54A393002DAC8B /* Frameworks */ = {
			isa = PBXFrameworksBuildPhase;
			buildActionMask = 2147483647;
			files = (
			);
			runOnlyForDeploymentPostprocessing = 0;
		};
/* End PBXFrameworksBuildPhase section */

/* Begin PBXGroup section */
		18CE8E1C2E54A393002DAC8B = {
			isa = PBXGroup;
			children = (
				18CE8E642E55A6BA002DAC8B /* VernostTask */,
				18CE8E262E54A393002DAC8B /* Products */,
			);
			sourceTree = "<group>";
		};
		18CE8E262E54A393002DAC8B /* Products */ = {
			isa = PBXGroup;
			children = (
				18CE8E252E54A393002DAC8B /* VernostTask.app */,
			);
			name = Products;
			sourceTree = "<group>";
		};
		18CE8E512E55A6BA002DAC8B /* View */ = {
			isa = PBXGroup;
			children = (
				18CE8E502E55A6BA002DAC8B /* DetailsView.swift */,
			);
			path = View;
			sourceTree = "<group>";
		};
		18CE8E522E55A6BA002DAC8B /* Details */ = {
			isa = PBXGroup;
			children = (
				18CE8E512E55A6BA002DAC8B /* View */,
			);
			path = Details;
			sourceTree = "<group>";
		};
		18CE8E542E55A6BA002DAC8B /* Model */ = {
			isa = PBXGroup;
			children = (
				18CE8E532E55A6BA002DAC8B /* ListingModel.swift */,
			);
			path = Model;
			sourceTree = "<group>";
		};
		18CE8E562E55A6BA002DAC8B /* View */ = {
			isa = PBXGroup;
			children = (
				18CE8E552E55A6BA002DAC8B /* ListingView.swift */,
			);
			path = View;
			sourceTree = "<group>";
		};
		18CE8E582E55A6BA002DAC8B /* ViewModel */ = {
			isa = PBXGroup;
			children = (
				18CE8E572E55A6BA002DAC8B /* ListingViewModel.swift */,
			);
			path = ViewModel;
			sourceTree = "<group>";
		};
		18CE8E592E55A6BA002DAC8B /* Listing */ = {
			isa = PBXGroup;
			children = (
				18CE8E542E55A6BA002DAC8B /* Model */,
				18CE8E562E55A6BA002DAC8B /* View */,
				18CE8E582E55A6BA002DAC8B /* ViewModel */,
			);
			path = Listing;
			sourceTree = "<group>";
		};
		18CE8E5B2E55A6BA002DAC8B /* View */ = {
			isa = PBXGroup;
			children = (
				18CE8E5A2E55A6BA002DAC8B /* LoginView.swift */,
			);
			path = View;
			sourceTree = "<group>";
		};
		18CE8E5D2E55A6BA002DAC8B /* ViewModel */ = {
			isa = PBXGroup;
			children = (
				18CE8E5C2E55A6BA002DAC8B /* LoginViewModel.swift */,
			);
			path = ViewModel;
			sourceTree = "<group>";
		};
		18CE8E5E2E55A6BA002DAC8B /* Login */ = {
			isa = PBXGroup;
			children = (
				18CE8E5B2E55A6BA002DAC8B /* View */,
				18CE8E5D2E55A6BA002DAC8B /* ViewModel */,
			);
			path = Login;
			sourceTree = "<group>";
		};
		18CE8E5F2E55A6BA002DAC8B /* Core */ = {
			isa = PBXGroup;
			children = (
				18CE8E5E2E55A6BA002DAC8B /* Login */,
				18CE8E592E55A6BA002DAC8B /* Listing */,
				18CE8E522E55A6BA002DAC8B /* Details */,
			);
			path = Core;
			sourceTree = "<group>";
		};
		18CE8E612E55A6BA002DAC8B /* Preview Content */ = {
			isa = PBXGroup;
			children = (
				18CE8E602E55A6BA002DAC8B /* Preview Assets.xcassets */,
			);
			path = "Preview Content";
			sourceTree = "<group>";
		};
		18CE8E642E55A6BA002DAC8B /* VernostTask */ = {
			isa = PBXGroup;
			children = (
				18CE8E712E55A744002DAC8B /* Application */,
				18CE8E6E2E55A6FB002DAC8B /* Resources */,
				18CE8E5F2E55A6BA002DAC8B /* Core */,
				18CE8E612E55A6BA002DAC8B /* Preview Content */,
			);
			path = VernostTask;
			sourceTree = "<group>";
		};
		18CE8E6E2E55A6FB002DAC8B /* Resources */ = {
			isa = PBXGroup;
			children = (
				18CE8E622E55A6BA002DAC8B /* Assets.xcassets */,
			);
			path = Resources;
			sourceTree = "<group>";
		};
		18CE8E712E55A744002DAC8B /* Application */ = {
			isa = PBXGroup;
			children = (
				18CE8E702E55A744002DAC8B /* VernostTaskApp.swift */,
			);
			path = Application;
			sourceTree = "<group>";
		};
/* End PBXGroup section */

/* Begin PBXNativeTarget section */
		18CE8E242E54A393002DAC8B /* VernostTask */ = {
			isa = PBXNativeTarget;
			buildConfigurationList = 18CE8E332E54A395002DAC8B /* Build configuration list for PBXNativeTarget "VernostTask" */;
			buildPhases = (
				18CE8E212E54A393002DAC8B /* Sources */,
				18CE8E222E54A393002DAC8B /* Frameworks */,
				18CE8E232E54A393002DAC8B /* Resources */,
			);
			buildRules = (
			);
			dependencies = (
			);
			name = VernostTask;
			packageProductDependencies = (
			);
			productName = VernostTask;
			productReference = 18CE8E252E54A393002DAC8B /* VernostTask.app */;
			productType = "com.apple.product-type.application";
		};
/* End PBXNativeTarget section */

/* Begin PBXProject section */
		18CE8E1D2E54A393002DAC8B /* Project object */ = {
			isa = PBXProject;
			attributes = {
				BuildIndependentTargetsInParallel = 1;
				LastSwiftUpdateCheck = 1620;
				LastUpgradeCheck = 1620;
				TargetAttributes = {
					18CE8E242E54A393002DAC8B = {
						CreatedOnToolsVersion = 16.2;
					};
				};
			};
			buildConfigurationList = 18CE8E202E54A393002DAC8B /* Build configuration list for PBXProject "VernostTask" */;
			developmentRegion = en;
			hasScannedForEncodings = 0;
			knownRegions = (
				en,
				Base,
			);
			mainGroup = 18CE8E1C2E54A393002DAC8B;
			minimizedProjectReferenceProxies = 1;
			preferredProjectObjectVersion = 77;
			productRefGroup = 18CE8E262E54A393002DAC8B /* Products */;
			projectDirPath = "";
			projectRoot = "";
			targets = (
				18CE8E242E54A393002DAC8B /* VernostTask */,
			);
		};
/* End PBXProject section */

/* Begin PBXResourcesBuildPhase section */
		18CE8E232E54A393002DAC8B /* Resources */ = {
			isa = PBXResourcesBuildPhase;
			buildActionMask = 2147483647;
			files = (
				18CE8E652E55A6BA002DAC8B /* Preview Assets.xcassets in Resources */,
				18CE8E662E55A6BA002DAC8B /* Assets.xcassets in Resources */,
			);
			runOnlyForDeploymentPostprocessing = 0;
		};
/* End PBXResourcesBuildPhase section */

/* Begin PBXSourcesBuildPhase section */
		18CE8E212E54A393002DAC8B /* Sources */ = {
			isa = PBXSourcesBuildPhase;
			buildActionMask = 2147483647;
			files = (
				18CE8E672E55A6BA002DAC8B /* DetailsView.swift in Sources */,
				18CE8E722E55A744002DAC8B /* VernostTaskApp.swift in Sources */,
				18CE8E682E55A6BA002DAC8B /* ListingModel.swift in Sources */,
				18CE8E692E55A6BA002DAC8B /* ListingView.swift in Sources */,
				18CE8E6A2E55A6BA002DAC8B /* ListingViewModel.swift in Sources */,
				18CE8E6B2E55A6BA002DAC8B /* LoginView.swift in Sources */,
				18CE8E6C2E55A6BA002DAC8B /* LoginViewModel.swift in Sources */,
			);
			runOnlyForDeploymentPostprocessing = 0;
		};
/* End PBXSourcesBuildPhase section */

/* Begin XCBuildConfiguration section */
		18CE8E312E54A395002DAC8B /* Debug */ = {
			isa = XCBuildConfiguration;
			buildSettings = {
				ALWAYS_SEARCH_USER_PATHS = NO;
				ASSETCATALOG_COMPILER_GENERATE_SWIFT_ASSET_SYMBOL_EXTENSIONS = YES;
				CLANG_ANALYZER_NONNULL = YES;
				CLANG_ANALYZER_NUMBER_OBJECT_CONVERSION = YES_AGGRESSIVE;
				CLANG_CXX_LANGUAGE_STANDARD = "gnu++20";
				CLANG_ENABLE_MODULES = YES;
				CLANG_ENABLE_OBJC_ARC = YES;
				CLANG_ENABLE_OBJC_WEAK = YES;
				CLANG_WARN_BLOCK_CAPTURE_AUTORELEASING = YES;
				CLANG_WARN_BOOL_CONVERSION = YES;
				CLANG_WARN_COMMA = YES;
				CLANG_WARN_CONSTANT_CONVERSION = YES;
				CLANG_WARN_DEPRECATED_OBJC_IMPLEMENTATIONS = YES;
				CLANG_WARN_DIRECT_OBJC_ISA_USAGE = YES_ERROR;
				CLANG_WARN_DOCUMENTATION_COMMENTS = YES;
				CLANG_WARN_EMPTY_BODY = YES;
				CLANG_WARN_ENUM_CONVERSION = YES;
				CLANG_WARN_INFINITE_RECURSION = YES;
				CLANG_WARN_INT_CONVERSION = YES;
				CLANG_WARN_NON_LITERAL_NULL_CONVERSION = YES;
				CLANG_WARN_OBJC_IMPLICIT_RETAIN_SELF = YES;
				CLANG_WARN_OBJC_LITERAL_CONVERSION = YES;
				CLANG_WARN_OBJC_ROOT_CLASS = YES_ERROR;
				CLANG_WARN_QUOTED_INCLUDE_IN_FRAMEWORK_HEADER = YES;
				CLANG_WARN_RANGE_LOOP_ANALYSIS = YES;
				CLANG_WARN_STRICT_PROTOTYPES = YES;
				CLANG_WARN_SUSPICIOUS_MOVE = YES;
				CLANG_WARN_UNGUARDED_AVAILABILITY = YES_AGGRESSIVE;
				CLANG_WARN_UNREACHABLE_CODE = YES;
				CLANG_WARN__DUPLICATE_METHOD_MATCH = YES;
				COPY_PHASE_STRIP = NO;
				DEBUG_INFORMATION_FORMAT = dwarf;
				ENABLE_STRICT_OBJC_MSGSEND = YES;
				ENABLE_TESTABILITY = YES;
				ENABLE_USER_SCRIPT_SANDBOXING = YES;
				GCC_C_LANGUAGE_STANDARD = gnu17;
				GCC_DYNAMIC_NO_PIC = NO;
				GCC_NO_COMMON_BLOCKS = YES;
				GCC_OPTIMIZATION_LEVEL = 0;
				GCC_PREPROCESSOR_DEFINITIONS = (
					"DEBUG=1",
					"$(inherited)",
				);
				GCC_WARN_64_TO_32_BIT_CONVERSION = YES;
				GCC_WARN_ABOUT_RETURN_TYPE = YES_ERROR;
				GCC_WARN_UNDECLARED_SELECTOR = YES;
				GCC_WARN_UNINITIALIZED_AUTOS = YES_AGGRESSIVE;
				GCC_WARN_UNUSED_FUNCTION = YES;
				GCC_WARN_UNUSED_VARIABLE = YES;
				IPHONEOS_DEPLOYMENT_TARGET = 18.2;
				LOCALIZATION_PREFERS_STRING_CATALOGS = YES;
				MTL_ENABLE_DEBUG_INFO = INCLUDE_SOURCE;
				MTL_FAST_MATH = YES;
				ONLY_ACTIVE_ARCH = YES;
				SDKROOT = iphoneos;
				SWIFT_ACTIVE_COMPILATION_CONDITIONS = "DEBUG $(inherited)";
				SWIFT_OPTIMIZATION_LEVEL = "-Onone";
			};
			name = Debug;
		};
		18CE8E322E54A395002DAC8B /* Release */ = {
			isa = XCBuildConfiguration;
			buildSettings = {
				ALWAYS_SEARCH_USER_PATHS = NO;
				ASSETCATALOG_COMPILER_GENERATE_SWIFT_ASSET_SYMBOL_EXTENSIONS = YES;
				CLANG_ANALYZER_NONNULL = YES;
				CLANG_ANALYZER_NUMBER_OBJECT_CONVERSION = YES_AGGRESSIVE;
				CLANG_CXX_LANGUAGE_STANDARD = "gnu++20";
				CLANG_ENABLE_MODULES = YES;
				CLANG_ENABLE_OBJC_ARC = YES;
				CLANG_ENABLE_OBJC_WEAK = YES;
				CLANG_WARN_BLOCK_CAPTURE_AUTORELEASING = YES;
				CLANG_WARN_BOOL_CONVERSION = YES;
				CLANG_WARN_COMMA = YES;
				CLANG_WARN_CONSTANT_CONVERSION = YES;
				CLANG_WARN_DEPRECATED_OBJC_IMPLEMENTATIONS = YES;
				CLANG_WARN_DIRECT_OBJC_ISA_USAGE = YES_ERROR;
				CLANG_WARN_DOCUMENTATION_COMMENTS = YES;
				CLANG_WARN_EMPTY_BODY = YES;
				CLANG_WARN_ENUM_CONVERSION = YES;
				CLANG_WARN_INFINITE_RECURSION = YES;
				CLANG_WARN_INT_CONVERSION = YES;
				CLANG_WARN_NON_LITERAL_NULL_CONVERSION = YES;
				CLANG_WARN_OBJC_IMPLICIT_RETAIN_SELF = YES;
				CLANG_WARN_OBJC_LITERAL_CONVERSION = YES;
				CLANG_WARN_OBJC_ROOT_CLASS = YES_ERROR;
				CLANG_WARN_QUOTED_INCLUDE_IN_FRAMEWORK_HEADER = YES;
				CLANG_WARN_RANGE_LOOP_ANALYSIS = YES;
				CLANG_WARN_STRICT_PROTOTYPES = YES;
				CLANG_WARN_SUSPICIOUS_MOVE = YES;
				CLANG_WARN_UNGUARDED_AVAILABILITY = YES_AGGRESSIVE;
				CLANG_WARN_UNREACHABLE_CODE = YES;
				CLANG_WARN__DUPLICATE_METHOD_MATCH = YES;
				COPY_PHASE_STRIP = NO;
				DEBUG_INFORMATION_FORMAT = "dwarf-with-dsym";
				ENABLE_NS_ASSERTIONS = NO;
				ENABLE_STRICT_OBJC_MSGSEND = YES;
				ENABLE_USER_SCRIPT_SANDBOXING = YES;
				GCC_C_LANGUAGE_STANDARD = gnu17;
				GCC_NO_COMMON_BLOCKS = YES;
				GCC_WARN_64_TO_32_BIT_CONVERSION = YES;
				GCC_WARN_ABOUT_RETURN_TYPE = YES_ERROR;
				GCC_WARN_UNDECLARED_SELECTOR = YES;
				GCC_WARN_UNINITIALIZED_AUTOS = YES_AGGRESSIVE;
				GCC_WARN_UNUSED_FUNCTION = YES;
				GCC_WARN_UNUSED_VARIABLE = YES;
				IPHONEOS_DEPLOYMENT_TARGET = 18.2;
				LOCALIZATION_PREFERS_STRING_CATALOGS = YES;
				MTL_ENABLE_DEBUG_INFO = NO;
				MTL_FAST_MATH = YES;
				SDKROOT = iphoneos;
				SWIFT_COMPILATION_MODE = wholemodule;
				VALIDATE_PRODUCT = YES;
			};
			name = Release;
		};
		18CE8E342E54A395002DAC8B /* Debug */ = {
			isa = XCBuildConfiguration;
			buildSettings = {
				ASSETCATALOG_COMPILER_APPICON_NAME = AppIcon;
				ASSETCATALOG_COMPILER_GLOBAL_ACCENT_COLOR_NAME = AccentColor;
				CODE_SIGN_STYLE = Automatic;
				CURRENT_PROJECT_VERSION = 1;
				DEVELOPMENT_ASSET_PATHS = "\"VernostTask/Preview Content\"";
				ENABLE_PREVIEWS = YES;
				GENERATE_INFOPLIST_FILE = YES;
				INFOPLIST_KEY_UIApplicationSceneManifest_Generation = YES;
				INFOPLIST_KEY_UIApplicationSupportsIndirectInputEvents = YES;
				INFOPLIST_KEY_UILaunchScreen_Generation = YES;
				INFOPLIST_KEY_UISupportedInterfaceOrientations = UIInterfaceOrientationPortrait;
				INFOPLIST_KEY_UISupportedInterfaceOrientations_iPad = "UIInterfaceOrientationLandscapeLeft UIInterfaceOrientationLandscapeRight UIInterfaceOrientationPortrait UIInterfaceOrientationPortraitUpsideDown";
				LD_RUNPATH_SEARCH_PATHS = (
					"$(inherited)",
					"@executable_path/Frameworks",
				);
				MARKETING_VERSION = 1.0;
				PRODUCT_BUNDLE_IDENTIFIER = test.VernostTask;
				PRODUCT_NAME = "$(TARGET_NAME)";
				SWIFT_EMIT_LOC_STRINGS = YES;
				SWIFT_VERSION = 5.0;
				TARGETED_DEVICE_FAMILY = "1,2";
			};
			name = Debug;
		};
		18CE8E352E54A395002DAC8B /* Release */ = {
			isa = XCBuildConfiguration;
			buildSettings = {
				ASSETCATALOG_COMPILER_APPICON_NAME = AppIcon;
				ASSETCATALOG_COMPILER_GLOBAL_ACCENT_COLOR_NAME = AccentColor;
				CODE_SIGN_STYLE = Automatic;
				CURRENT_PROJECT_VERSION = 1;
				DEVELOPMENT_ASSET_PATHS = "\"VernostTask/Preview Content\"";
				ENABLE_PREVIEWS = YES;
				GENERATE_INFOPLIST_FILE = YES;
				INFOPLIST_KEY_UIApplicationSceneManifest_Generation = YES;
				INFOPLIST_KEY_UIApplicationSupportsIndirectInputEvents = YES;
				INFOPLIST_KEY_UILaunchScreen_Generation = YES;
				INFOPLIST_KEY_UISupportedInterfaceOrientations = UIInterfaceOrientationPortrait;
				INFOPLIST_KEY_UISupportedInterfaceOrientations_iPad = "UIInterfaceOrientationLandscapeLeft UIInterfaceOrientationLandscapeRight UIInterfaceOrientationPortrait UIInterfaceOrientationPortraitUpsideDown";
				LD_RUNPATH_SEARCH_PATHS = (
					"$(inherited)",
					"@executable_path/Frameworks",
				);
				MARKETING_VERSION = 1.0;
				PRODUCT_BUNDLE_IDENTIFIER = test.VernostTask;
				PRODUCT_NAME = "$(TARGET_NAME)";
				SWIFT_EMIT_LOC_STRINGS = YES;
				SWIFT_VERSION = 5.0;
				TARGETED_DEVICE_FAMILY = "1,2";
			};
			name = Release;
		};
/* End XCBuildConfiguration section */

/* Begin XCConfigurationList section */
		18CE8E202E54A393002DAC8B /* Build configuration list for PBXProject "VernostTask" */ = {
			isa = XCConfigurationList;
			buildConfigurations = (
				18CE8E312E54A395002DAC8B /* Debug */,
				18CE8E322E54A395002DAC8B /* Release */,
			);
			defaultConfigurationIsVisible = 0;
			defaultConfigurationName = Release;
		};
		18CE8E332E54A395002DAC8B /* Build configuration list for PBXNativeTarget "VernostTask" */ = {
			isa = XCConfigurationList;
			buildConfigurations = (
				18CE8E342E54A395002DAC8B /* Debug */,
				18CE8E352E54A395002DAC8B /* Release */,
			);
			defaultConfigurationIsVisible = 0;
			defaultConfigurationName = Release;
		};
/* End XCConfigurationList section */
	};
	rootObject = 18CE8E1D2E54A393002DAC8B /* Project object */;
}
